
Microsoft Visual Studio Solution File, Format Version 12.00
# Visual Studio Version 17
VisualStudioVersion = 17.4.33103.184
MinimumVisualStudioVersion = 10.0.40219.1
Project("{9A19103F-16F7-4668-BE54-9A1E7A4F7556}") = "TeaAndCoffee", "TeaAndCoffee.csproj", "{7B7DF994-B711-4981-849C-860FF16BD418}"
EndProject
Project("{9A19103F-16F7-4668-BE54-9A1E7A4F7556}") = "TeaAndCoffee_DataAccess", "..\TeaAndCoffee_DataAccess\TeaAndCoffee_DataAccess.csproj", "{AF67EC87-9302-490E-A62B-715FBAE9A5BB}"
EndProject
Project("{9A19103F-16F7-4668-BE54-9A1E7A4F7556}") = "TeaAndCoffee_Models", "..\TeaAndCoffee_Models\TeaAndCoffee_Models.csproj", "{4E6A659D-67E2-48E6-B704-D9F9D2C99800}"
EndProject
Project("{9A19103F-16F7-4668-BE54-9A1E7A4F7556}") = "TeaAndCoffee_Utility", "..\TeaAndCoffee_Utility\TeaAndCoffee_Utility.csproj", "{C157F8F1-56DA-43B2-BD70-679E2B5CC947}"
EndProject
Global
	GlobalSection(SolutionConfigurationPlatforms) = preSolution
		Debug|Any CPU = Debug|Any CPU
		Release|Any CPU = Release|Any CPU
	EndGlobalSection
	GlobalSection(ProjectConfigurationPlatforms) = postSolution
		{7B7DF994-B711-4981-849C-860FF16BD418}.Debug|Any CPU.ActiveCfg = Debug|Any CPU
		{7B7DF994-B711-4981-849C-860FF16BD418}.Debug|Any CPU.Build.0 = Debug|Any CPU
		{7B7DF994-B711-4981-849C-860FF16BD418}.Release|Any CPU.ActiveCfg = Release|Any CPU
		{7B7DF994-B711-4981-849C-860FF16BD418}.Release|Any CPU.Build.0 = Release|Any CPU
		{AF67EC87-9302-490E-A62B-715FBAE9A5BB}.Debug|Any CPU.ActiveCfg = Debug|Any CPU
		{AF67EC87-9302-490E-A62B-715FBAE9A5BB}.Debug|Any CPU.Build.0 = Debug|Any CPU
		{AF67EC87-9302-490E-A62B-715FBAE9A5BB}.Release|Any CPU.ActiveCfg = Release|Any CPU
		{AF67EC87-9302-490E-A62B-715FBAE9A5BB}.Release|Any CPU.Build.0 = Release|Any CPU
		{4E6A659D-67E2-48E6-B704-D9F9D2C99800}.Debug|Any CPU.ActiveCfg = Debug|Any CPU
		{4E6A659D-67E2-48E6-B704-D9F9D2C99800}.Debug|Any CPU.Build.0 = Debug|Any CPU
		{4E6A659D-67E2-48E6-B704-D9F9D2C99800}.Release|Any CPU.ActiveCfg = Release|Any CPU
		{4E6A659D-67E2-48E6-B704-D9F9D2C99800}.Release|Any CPU.Build.0 = Release|Any CPU
		{C157F8F1-56DA-43B2-BD70-679E2B5CC947}.Debug|Any CPU.ActiveCfg = Debug|Any CPU
		{C157F8F1-56DA-43B2-BD70-679E2B5CC947}.Debug|Any CPU.Build.0 = Debug|Any CPU
		{C157F8F1-56DA-43B2-BD70-679E2B5CC947}.Release|Any CPU.ActiveCfg = Release|Any CPU
		{C157F8F1-56DA-43B2-BD70-679E2B5CC947}.Release|Any CPU.Build.0 = Release|Any CPU
	EndGlobalSection
	GlobalSection(SolutionProperties) = preSolution
		HideSolutionNode = FALSE
	EndGlobalSection
	GlobalSection(ExtensibilityGlobals) = postSolution
		SolutionGuid = {FE7CB2FD-0125-473C-B3DA-5119CCB2F1CB}
	EndGlobalSection
EndGlobal
